schema: '2.0'
stages:
  preprocess:
    cmd: python src/stages/preprocess.py
    deps:
    - path: data/raw
      hash: md5
      md5: 19cdee87944c59fc15c51396fe37cd88.dir
      size: 987498023
      nfiles: 4
    - path: src/stages/preprocess.py
      hash: md5
      md5: 2b44a8bf99a275ca793fdfc1201b31f8
      size: 3849
    outs:
    - path: data/interim/events_filtered.csv
      hash: md5
      md5: 287a88e6467d6de376cd47a09609bb2e
      size: 42128998
  feature_eng:
    cmd: python src/stages/feature_eng.py
    deps:
    - path: data/interim/events_filtered.csv
      hash: md5
      md5: 287a88e6467d6de376cd47a09609bb2e
      size: 42128998
    - path: src/stages/feature_eng.py
      hash: md5
      md5: 6bc5ed686841acad3f38a7fc158a7fad
      size: 3338
    outs:
    - path: data/processed/features_ready.csv
      hash: md5
      md5: beb12da994bdcf1c322377bd6b8c2e8b
      size: 15560997
  train:
    cmd: python src/stages/train.py
    deps:
    - path: data/processed/features_ready.csv
      hash: md5
      md5: beb12da994bdcf1c322377bd6b8c2e8b
      size: 15560997
    - path: src/models/model.py
      hash: md5
      md5: 23a0f932797cad9af44950ed7a2df25c
      size: 1918
    - path: src/stages/train.py
      hash: md5
      md5: 0e7ed87ab484bc0aea3bf99b007b54fe
      size: 6221
    params:
      params.yaml:
        train.batch_size: 2048
        train.epochs: 2
        train.lr: 0.001
    outs:
    - path: models/recommender_model.pt
      hash: md5
      md5: 1ed1507e368db1d5d621feab624b621a
      size: 30831577
  evaluate:
    cmd: uv run python -m src.stages.evaluate
    deps:
    - path: data/processed/features_ready.csv
      hash: md5
      md5: beb12da994bdcf1c322377bd6b8c2e8b
      size: 15560997
    - path: models/recommender_model.pt
      hash: md5
      md5: 1ed1507e368db1d5d621feab624b621a
      size: 30831577
    - path: src/stages/evaluate.py
      hash: md5
      md5: 414a9336c790ebc61d681b6d5921e6be
      size: 1576
    outs:
    - path: reports/metrics.json
      hash: md5
      md5: da64050cc2ee7c4ab1fb913d7eda599d
      size: 38
